{
  "lockfileVersion": 1,
  "configVersion": 1,
  "workspaces": {
    "": {
      "name": "bvm",
      "devDependencies": {
        "@types/bun": "^1.3.4",
        "@types/node": "^24.10.2",
        "bun": "^1.3.5",
        "typescript": "^5",
      },
      "peerDependencies": {
        "typescript": "^5",
      },
    },
  },
  "packages": {
    "@oven/bun-darwin-aarch64": ["@oven/bun-darwin-aarch64@1.3.5", "https://registry.npmmirror.com/@oven/bun-darwin-aarch64/-/bun-darwin-aarch64-1.3.5.tgz", { "os": "darwin", "cpu": "arm64" }, "sha512-8GvNtMo0NINM7Emk9cNAviCG3teEgr3BUX9be0+GD029zIagx2Sf54jMui1Eu1IpFm7nWHODuLEefGOQNaJ0gQ=="],

    "@oven/bun-darwin-x64": ["@oven/bun-darwin-x64@1.3.5", "https://registry.npmmirror.com/@oven/bun-darwin-x64/-/bun-darwin-x64-1.3.5.tgz", { "os": "darwin", "cpu": "x64" }, "sha512-r33eHQOHAwkuiBJIwmkXIyqONQOQMnd1GMTpDzaxx9vf9+svby80LZO9Hcm1ns6KT/TBRFyODC/0loA7FAaffg=="],

    "@oven/bun-darwin-x64-baseline": ["@oven/bun-darwin-x64-baseline@1.3.5", "https://registry.npmmirror.com/@oven/bun-darwin-x64-baseline/-/bun-darwin-x64-baseline-1.3.5.tgz", { "os": "darwin", "cpu": "x64" }, "sha512-p5q3rJk48qhLuLBOFehVc+kqCE03YrswTc6NCxbwsxiwfySXwcAvpF2KWKF/ZZObvvR8hCCvqe1F81b2p5r2dg=="],

    "@types/bun": ["@types/bun@1.3.4", "https://registry.npmmirror.com/@types/bun/-/bun-1.3.4.tgz", { "dependencies": { "bun-types": "1.3.4" } }, "sha512-EEPTKXHP+zKGPkhRLv+HI0UEX8/o+65hqARxLy8Ov5rIxMBPNTjeZww00CIihrIQGEQBYg+0roO5qOnS/7boGA=="],

    "@types/node": ["@types/node@24.10.2", "https://registry.npmmirror.com/@types/node/-/node-24.10.2.tgz", { "dependencies": { "undici-types": "~7.16.0" } }, "sha512-WOhQTZ4G8xZ1tjJTvKOpyEVSGgOTvJAfDK3FNFgELyaTpzhdgHVHeqW8V+UJvzF5BT+/B54T/1S2K6gd9c7bbA=="],

    "bun": ["bun@1.3.5", "https://registry.npmmirror.com/bun/-/bun-1.3.5.tgz", { "optionalDependencies": { "@oven/bun-darwin-aarch64": "1.3.5", "@oven/bun-darwin-x64": "1.3.5", "@oven/bun-darwin-x64-baseline": "1.3.5", "@oven/bun-linux-aarch64": "1.3.5", "@oven/bun-linux-aarch64-musl": "1.3.5", "@oven/bun-linux-x64": "1.3.5", "@oven/bun-linux-x64-baseline": "1.3.5", "@oven/bun-linux-x64-musl": "1.3.5", "@oven/bun-linux-x64-musl-baseline": "1.3.5", "@oven/bun-windows-x64": "1.3.5", "@oven/bun-windows-x64-baseline": "1.3.5" }, "os": [ "linux", "win32", "darwin", ], "cpu": [ "x64", "arm64", ], "bin": { "bun": "bin/bun.exe", "bunx": "bin/bunx.exe" } }, "sha512-c1YHIGUfgvYPJmLug5QiLzNWlX2Dg7X/67JWu1Va+AmMXNXzC/KQn2lgQ7rD+n1u1UqDpJMowVGGxTNpbPydNw=="],

    "bun-types": ["bun-types@1.3.4", "https://registry.npmmirror.com/bun-types/-/bun-types-1.3.4.tgz", { "dependencies": { "@types/node": "*" } }, "sha512-5ua817+BZPZOlNaRgGBpZJOSAQ9RQ17pkwPD0yR7CfJg+r8DgIILByFifDTa+IPDDxzf5VNhtNlcKqFzDgJvlQ=="],

    "typescript": ["typescript@5.9.3", "https://registry.npmmirror.com/typescript/-/typescript-5.9.3.tgz", { "bin": { "tsc": "bin/tsc", "tsserver": "bin/tsserver" } }, "sha512-jl1vZzPDinLr9eUt3J/t7V6FgNEw9QjvBPdysz9KfQDD41fQrC2Y4vKQdiaUpFT4bXlb1RHhLpp8wtm6M5TgSw=="],

    "undici-types": ["undici-types@7.16.0", "https://registry.npmmirror.com/undici-types/-/undici-types-7.16.0.tgz", {}, "sha512-Zz+aZWSj8LE6zoxD+xrjh4VfkIG8Ya6LvYkZqtUQGJPZjYl53ypCaUwWqo7eI0x66KBGeRo+mlBEkMSeSZ38Nw=="],
  }
}
